
Microsoft Visual Studio Solution File, Format Version 12.00
# Visual Studio Version 16
VisualStudioVersion = 16.0.30711.63
MinimumVisualStudioVersion = 10.0.40219.1
Project("{FAE04EC0-301F-11D3-BF4B-00C04F79EFBC}") = "vjezba1", "vjezba1\vjezba1.csproj", "{A28690FB-7C2C-4FA9-8D43-001B9AA7B794}"
EndProject
Global
	GlobalSection(SolutionConfigurationPlatforms) = preSolution
		Debug|Any CPU = Debug|Any CPU
		Release|Any CPU = Release|Any CPU
	EndGlobalSection
	GlobalSection(ProjectConfigurationPlatforms) = postSolution
		{A28690FB-7C2C-4FA9-8D43-001B9AA7B794}.Debug|Any CPU.ActiveCfg = Debug|Any CPU
		{A28690FB-7C2C-4FA9-8D43-001B9AA7B794}.Debug|Any CPU.Build.0 = Debug|Any CPU
		{A28690FB-7C2C-4FA9-8D43-001B9AA7B794}.Release|Any CPU.ActiveCfg = Release|Any CPU
		{A28690FB-7C2C-4FA9-8D43-001B9AA7B794}.Release|Any CPU.Build.0 = Release|Any CPU
	EndGlobalSection
	GlobalSection(SolutionProperties) = preSolution
		HideSolutionNode = FALSE
	EndGlobalSection
	GlobalSection(ExtensibilityGlobals) = postSolution
		SolutionGuid = {070D5815-6395-4B3B-89A6-732C5C7AF044}
	EndGlobalSection
EndGlobal
